
Microsoft Visual Studio Solution File, Format Version 12.00
# Visual Studio Version 16
VisualStudioVersion = 16.0.33529.622
MinimumVisualStudioVersion = 10.0.40219.1
Project("{FAE04EC0-301F-11D3-BF4B-00C04F79EFBC}") = "Webservices_app", "Webservices_app.csproj", "{55950059-847F-408E-B8F2-9BBAFE0CA797}"
EndProject
Global
	GlobalSection(SolutionConfigurationPlatforms) = preSolution
		Debug|Any CPU = Debug|Any CPU
		Release|Any CPU = Release|Any CPU
	EndGlobalSection
	GlobalSection(ProjectConfigurationPlatforms) = postSolution
		{55950059-847F-408E-B8F2-9BBAFE0CA797}.Debug|Any CPU.ActiveCfg = Debug|Any CPU
		{55950059-847F-408E-B8F2-9BBAFE0CA797}.Debug|Any CPU.Build.0 = Debug|Any CPU
		{55950059-847F-408E-B8F2-9BBAFE0CA797}.Release|Any CPU.ActiveCfg = Release|Any CPU
		{55950059-847F-408E-B8F2-9BBAFE0CA797}.Release|Any CPU.Build.0 = Release|Any CPU
	EndGlobalSection
	GlobalSection(SolutionProperties) = preSolution
		HideSolutionNode = FALSE
	EndGlobalSection
	GlobalSection(ExtensibilityGlobals) = postSolution
		SolutionGuid = {19228D01-5D28-4DBC-A2E9-8AA3FADE94DF}
	EndGlobalSection
EndGlobal
